{
  "name": "nodejs",
  "lockfileVersion": 3,
  "requires": true,
  "packages": {
    "": {
      "dependencies": {
        "dateUtils": "file:dateUtils.js"
      }
    },
    "dateUtils.js": {},
    "js/dateUtils.js": {
      "extraneous": true
    },
    "node_modules/dateUtils": {
      "resolved": "dateUtils.js",
      "link": true
    }
  }
}
